<?xml version="1.0" encoding="utf-8"?>
<Project ToolsVersion="4.0" xmlns="http://schemas.microsoft.com/developer/msbuild/2003">
  <ItemGroup>
    <Filter Include="Source Files">
      <UniqueIdentifier>{4FC737F1-C7A5-4376-A066-2A32D752A2FF}</UniqueIdentifier>
      <Extensions>cpp;c;cc;cxx;def;odl;idl;hpj;bat;asm;asmx</Extensions>
    </Filter>
    <Filter Include="Resource Files">
      <UniqueIdentifier>{67DA6AB6-F800-4c08-8B7A-83BB121AAD01}</UniqueIdentifier>
      <Extensions>rc;ico;cur;bmp;dlg;rc2;rct;bin;rgs;gif;jpg;jpeg;jpe;resx;tiff;tif;png;wav;mfcribbon-ms</Extensions>
    </Filter>
    <Filter Include="Source Files\Interfaces">
      <UniqueIdentifier>{1a49d252-99b7-4ecf-9a7b-322affd07cd2}</UniqueIdentifier>
    </Filter>
    <Filter Include="Source Files\____OLD_CODE">
      <UniqueIdentifier>{b0b736df-bae4-4395-bd6e-8127d2a02404}</UniqueIdentifier>
    </Filter>
    <Filter Include="Source Files\____OLD_CODE\Objects">
      <UniqueIdentifier>{95c0b82b-1a57-4d21-9b49-5bcae9373760}</UniqueIdentifier>
    </Filter>
    <Filter Include="Source Files\____OLD_CODE\Objects\Weapons">
      <UniqueIdentifier>{857be75b-9d72-4c32-8f53-3b5a0c2707bd}</UniqueIdentifier>
    </Filter>
    <Filter Include="Source Files\____OLD_CODE\Objects\MovableObjects">
      <UniqueIdentifier>{677bfe1d-3a50-43bb-b7f0-f6111c12138a}</UniqueIdentifier>
    </Filter>
    <Filter Include="Source Files\____OLD_CODE\Views">
      <UniqueIdentifier>{e0a456dd-07f1-4f82-b7c0-729a85aa7cde}</UniqueIdentifier>
    </Filter>
    <Filter Include="Source Files\____OLD_CODE\Views\Helpers">
      <UniqueIdentifier>{22243dff-a2aa-459d-ab8b-77851d1218f1}</UniqueIdentifier>
    </Filter>
    <Filter Include="Source Files\ViewManagers">
      <UniqueIdentifier>{df718ab5-3776-4683-b52a-915f270ba28d}</UniqueIdentifier>
    </Filter>
    <Filter Include="Source Files\Constants">
      <UniqueIdentifier>{ebd83927-df7e-4f74-a736-3732eeeb84be}</UniqueIdentifier>
    </Filter>
    <Filter Include="Source Files\ViewManagers\ManagerHelpers">
      <UniqueIdentifier>{3ec239e3-3bfe-4986-954f-f5886d529572}</UniqueIdentifier>
    </Filter>
    <Filter Include="Source Files\Objects">
      <UniqueIdentifier>{602d2e33-b34d-40d5-ae47-efb1c8abc2b7}</UniqueIdentifier>
    </Filter>
  </ItemGroup>
  <ItemGroup>
    <ClCompile Include="main.cpp">
      <Filter>Source Files</Filter>
    </ClCompile>
    <ClCompile Include="GameController.cpp">
      <Filter>Source Files</Filter>
    </ClCompile>
    <ClCompile Include="ShipViewManager.cpp">
      <Filter>Source Files\ViewManagers</Filter>
    </ClCompile>
    <ClCompile Include="SplashViewManager.cpp">
      <Filter>Source Files\ViewManagers</Filter>
    </ClCompile>
    <ClCompile Include="MapViewManager.cpp">
      <Filter>Source Files\ViewManagers</Filter>
    </ClCompile>
    <ClCompile Include="MapBlock.cpp">
      <Filter>Source Files\ViewManagers\ManagerHelpers</Filter>
    </ClCompile>
    <ClCompile Include="_ShipActionObjectManager.cpp">
      <Filter>Source Files\____OLD_CODE</Filter>
    </ClCompile>
    <ClCompile Include="_MouseDragManager.cpp">
      <Filter>Source Files\____OLD_CODE</Filter>
    </ClCompile>
    <ClCompile Include="_Game.cpp">
      <Filter>Source Files\____OLD_CODE</Filter>
    </ClCompile>
    <ClCompile Include="_ShipView.cpp">
      <Filter>Source Files\____OLD_CODE\Views</Filter>
    </ClCompile>
    <ClCompile Include="_MapView.cpp">
      <Filter>Source Files\____OLD_CODE\Views</Filter>
    </ClCompile>
    <ClCompile Include="_ShipBlock.cpp">
      <Filter>Source Files\____OLD_CODE\Views\Helpers</Filter>
    </ClCompile>
    <ClCompile Include="_LandEncounter.cpp">
      <Filter>Source Files\____OLD_CODE\Views\Helpers</Filter>
    </ClCompile>
    <ClCompile Include="_EncounterGenerator.cpp">
      <Filter>Source Files\____OLD_CODE\Views\Helpers</Filter>
    </ClCompile>
    <ClCompile Include="_CharacterMovementManager.cpp">
      <Filter>Source Files\____OLD_CODE\Views\Helpers</Filter>
    </ClCompile>
    <ClCompile Include="_CharacterMovement.cpp">
      <Filter>Source Files\____OLD_CODE\Views\Helpers</Filter>
    </ClCompile>
    <ClCompile Include="_CrewMember.cpp">
      <Filter>Source Files\____OLD_CODE\Objects\MovableObjects</Filter>
    </ClCompile>
    <ClCompile Include="_MovableObject.cpp">
      <Filter>Source Files\____OLD_CODE\Objects\MovableObjects</Filter>
    </ClCompile>
    <ClCompile Include="_Ship.cpp">
      <Filter>Source Files\____OLD_CODE\Objects\MovableObjects</Filter>
    </ClCompile>
    <ClCompile Include="_Cannon.cpp">
      <Filter>Source Files\____OLD_CODE\Objects\Weapons</Filter>
    </ClCompile>
    <ClCompile Include="_Weapon.cpp">
      <Filter>Source Files\____OLD_CODE\Objects\Weapons</Filter>
    </ClCompile>
    <ClCompile Include="_Object.cpp">
      <Filter>Source Files\____OLD_CODE\Objects</Filter>
    </ClCompile>
    <ClCompile Include="_ShipActionObject.cpp">
      <Filter>Source Files\____OLD_CODE\Objects</Filter>
    </ClCompile>
    <ClCompile Include="_ShipCannonSlot.cpp">
      <Filter>Source Files\____OLD_CODE\Objects</Filter>
    </ClCompile>
    <ClCompile Include="Ship.cpp">
      <Filter>Source Files\Objects</Filter>
    </ClCompile>
    <ClCompile Include="NewGameViewManager.cpp">
      <Filter>Source Files\ViewManagers</Filter>
    </ClCompile>
  </ItemGroup>
  <ItemGroup>
    <ClInclude Include="GameController.h">
      <Filter>Source Files</Filter>
    </ClInclude>
    <ClInclude Include="IDrawable.h">
      <Filter>Source Files\Interfaces</Filter>
    </ClInclude>
    <ClInclude Include="ShipViewManager.h">
      <Filter>Source Files\ViewManagers</Filter>
    </ClInclude>
    <ClInclude Include="SplashViewManager.h">
      <Filter>Source Files\ViewManagers</Filter>
    </ClInclude>
    <ClInclude Include="IViewManager.h">
      <Filter>Source Files\Interfaces</Filter>
    </ClInclude>
    <ClInclude Include="GameState.h">
      <Filter>Source Files\Constants</Filter>
    </ClInclude>
    <ClInclude Include="MapViewManager.h">
      <Filter>Source Files\ViewManagers</Filter>
    </ClInclude>
    <ClInclude Include="MapBlock.h">
      <Filter>Source Files\ViewManagers\ManagerHelpers</Filter>
    </ClInclude>
    <ClInclude Include="Difficulty.h">
      <Filter>Source Files\Constants</Filter>
    </ClInclude>
    <ClInclude Include="MapBlockType.h">
      <Filter>Source Files\Constants</Filter>
    </ClInclude>
    <ClInclude Include="_ShipActionObjectManager.h">
      <Filter>Source Files\____OLD_CODE</Filter>
    </ClInclude>
    <ClInclude Include="_MouseDragManager.h">
      <Filter>Source Files\____OLD_CODE</Filter>
    </ClInclude>
    <ClInclude Include="_Game.h">
      <Filter>Source Files\____OLD_CODE</Filter>
    </ClInclude>
    <ClInclude Include="_Constants.h">
      <Filter>Source Files\____OLD_CODE</Filter>
    </ClInclude>
    <ClInclude Include="_ShipView.h">
      <Filter>Source Files\____OLD_CODE\Views</Filter>
    </ClInclude>
    <ClInclude Include="_MapView.h">
      <Filter>Source Files\____OLD_CODE\Views</Filter>
    </ClInclude>
    <ClInclude Include="_IGameView.h">
      <Filter>Source Files\____OLD_CODE\Views</Filter>
    </ClInclude>
    <ClInclude Include="_BuyView.h">
      <Filter>Source Files\____OLD_CODE\Views</Filter>
    </ClInclude>
    <ClInclude Include="_ShipBlock.h">
      <Filter>Source Files\____OLD_CODE\Views\Helpers</Filter>
    </ClInclude>
    <ClInclude Include="_LandEncounter.h">
      <Filter>Source Files\____OLD_CODE\Views\Helpers</Filter>
    </ClInclude>
    <ClInclude Include="_EncounterGenerator.h">
      <Filter>Source Files\____OLD_CODE\Views\Helpers</Filter>
    </ClInclude>
    <ClInclude Include="_CharacterMovementManager.h">
      <Filter>Source Files\____OLD_CODE\Views\Helpers</Filter>
    </ClInclude>
    <ClInclude Include="_CharacterMovement.h">
      <Filter>Source Files\____OLD_CODE\Views\Helpers</Filter>
    </ClInclude>
    <ClInclude Include="_CrewMember.h">
      <Filter>Source Files\____OLD_CODE\Objects\MovableObjects</Filter>
    </ClInclude>
    <ClInclude Include="_MovableObject.h">
      <Filter>Source Files\____OLD_CODE\Objects\MovableObjects</Filter>
    </ClInclude>
    <ClInclude Include="_Ship.h">
      <Filter>Source Files\____OLD_CODE\Objects\MovableObjects</Filter>
    </ClInclude>
    <ClInclude Include="_Cannon.h">
      <Filter>Source Files\____OLD_CODE\Objects\Weapons</Filter>
    </ClInclude>
    <ClInclude Include="_MeleeWeapon.h">
      <Filter>Source Files\____OLD_CODE\Objects\Weapons</Filter>
    </ClInclude>
    <ClInclude Include="_Weapon.h">
      <Filter>Source Files\____OLD_CODE\Objects\Weapons</Filter>
    </ClInclude>
    <ClInclude Include="_Object.h">
      <Filter>Source Files\____OLD_CODE\Objects</Filter>
    </ClInclude>
    <ClInclude Include="_ShipActionObject.h">
      <Filter>Source Files\____OLD_CODE\Objects</Filter>
    </ClInclude>
    <ClInclude Include="_ShipCannonSlot.h">
      <Filter>Source Files\____OLD_CODE\Objects</Filter>
    </ClInclude>
    <ClInclude Include="Ship.h">
      <Filter>Source Files\Objects</Filter>
    </ClInclude>
    <ClInclude Include="ImagePaths.h">
      <Filter>Source Files\Constants</Filter>
    </ClInclude>
    <ClInclude Include="NewGameViewManager.h">
      <Filter>Source Files\ViewManagers</Filter>
    </ClInclude>
  </ItemGroup>
  <ItemGroup>
    <Image Include="ship.png">
      <Filter>Resource Files</Filter>
    </Image>
    <Image Include="splash.jpg">
      <Filter>Resource Files</Filter>
    </Image>
    <Image Include="land.jpg">
      <Filter>Resource Files</Filter>
    </Image>
    <Image Include="sand.jpg">
      <Filter>Resource Files</Filter>
    </Image>
    <Image Include="water.jpg">
      <Filter>Resource Files</Filter>
    </Image>
    <Image Include="ship_large.png">
      <Filter>Resource Files</Filter>
    </Image>
    <Image Include="shipViewBackground.jpg">
      <Filter>Resource Files</Filter>
    </Image>
    <Image Include="ship_navy.png">
      <Filter>Resource Files</Filter>
    </Image>
    <Image Include="ship_pirate.png">
      <Filter>Resource Files</Filter>
    </Image>
    <Image Include="ship_neutral.png">
      <Filter>Resource Files</Filter>
    </Image>
    <Image Include="crew_b.png">
      <Filter>Resource Files</Filter>
    </Image>
    <Image Include="crew_g.png">
      <Filter>Resource Files</Filter>
    </Image>
    <Image Include="crew_p.png">
      <Filter>Resource Files</Filter>
    </Image>
    <Image Include="crew_r.png">
      <Filter>Resource Files</Filter>
    </Image>
    <Image Include="crew_y.png">
      <Filter>Resource Files</Filter>
    </Image>
  </ItemGroup>
</Project>